
Microsoft Visual Studio Solution File, Format Version 12.00
# Visual Studio Version 17
VisualStudioVersion = 17.8.34525.116
MinimumVisualStudioVersion = 10.0.40219.1
Project("{9A19103F-16F7-4668-BE54-9A1E7A4F7556}") = "OnlineShopWebApp", "OnlineShopWebApp\OnlineShopWebApp.csproj", "{57668516-93CF-4C23-9D5A-19EB9F6171E2}"
EndProject
Project("{9A19103F-16F7-4668-BE54-9A1E7A4F7556}") = "OnlineShop.Db", "OnlineShop.Db\OnlineShop.Db.csproj", "{148CE5F1-C3C1-4EBA-A9D0-EC8CF66150C2}"
EndProject
Project("{9A19103F-16F7-4668-BE54-9A1E7A4F7556}") = "OnlineShopWebApp.XUnitTests", "OnlineShopWebApp.XUnitTests\OnlineShopWebApp.XUnitTests.csproj", "{2A4B21CF-314E-4090-9E86-BBFD9DAA9C40}"
EndProject
Project("{E53339B2-1760-4266-BCC7-CA923CBCF16C}") = "docker-compose", "docker-compose.dcproj", "{8C5CF8D1-6871-45B4-B8D0-DC9EE744A12D}"
EndProject
Global
	GlobalSection(SolutionConfigurationPlatforms) = preSolution
		Debug|Any CPU = Debug|Any CPU
		Release|Any CPU = Release|Any CPU
	EndGlobalSection
	GlobalSection(ProjectConfigurationPlatforms) = postSolution
		{57668516-93CF-4C23-9D5A-19EB9F6171E2}.Debug|Any CPU.ActiveCfg = Debug|Any CPU
		{57668516-93CF-4C23-9D5A-19EB9F6171E2}.Debug|Any CPU.Build.0 = Debug|Any CPU
		{57668516-93CF-4C23-9D5A-19EB9F6171E2}.Release|Any CPU.ActiveCfg = Release|Any CPU
		{57668516-93CF-4C23-9D5A-19EB9F6171E2}.Release|Any CPU.Build.0 = Release|Any CPU
		{148CE5F1-C3C1-4EBA-A9D0-EC8CF66150C2}.Debug|Any CPU.ActiveCfg = Debug|Any CPU
		{148CE5F1-C3C1-4EBA-A9D0-EC8CF66150C2}.Debug|Any CPU.Build.0 = Debug|Any CPU
		{148CE5F1-C3C1-4EBA-A9D0-EC8CF66150C2}.Release|Any CPU.ActiveCfg = Release|Any CPU
		{148CE5F1-C3C1-4EBA-A9D0-EC8CF66150C2}.Release|Any CPU.Build.0 = Release|Any CPU
		{2A4B21CF-314E-4090-9E86-BBFD9DAA9C40}.Debug|Any CPU.ActiveCfg = Debug|Any CPU
		{2A4B21CF-314E-4090-9E86-BBFD9DAA9C40}.Debug|Any CPU.Build.0 = Debug|Any CPU
		{2A4B21CF-314E-4090-9E86-BBFD9DAA9C40}.Release|Any CPU.ActiveCfg = Release|Any CPU
		{2A4B21CF-314E-4090-9E86-BBFD9DAA9C40}.Release|Any CPU.Build.0 = Release|Any CPU
		{8C5CF8D1-6871-45B4-B8D0-DC9EE744A12D}.Debug|Any CPU.ActiveCfg = Debug|Any CPU
		{8C5CF8D1-6871-45B4-B8D0-DC9EE744A12D}.Debug|Any CPU.Build.0 = Debug|Any CPU
		{8C5CF8D1-6871-45B4-B8D0-DC9EE744A12D}.Release|Any CPU.ActiveCfg = Release|Any CPU
		{8C5CF8D1-6871-45B4-B8D0-DC9EE744A12D}.Release|Any CPU.Build.0 = Release|Any CPU
	EndGlobalSection
	GlobalSection(SolutionProperties) = preSolution
		HideSolutionNode = FALSE
	EndGlobalSection
	GlobalSection(ExtensibilityGlobals) = postSolution
		SolutionGuid = {26D5A92E-7587-4FCF-9475-151107AC19F5}
	EndGlobalSection
EndGlobal
